
Microsoft Visual Studio Solution File, Format Version 12.00
# Visual Studio Version 17
VisualStudioVersion = 17.5.33414.496
MinimumVisualStudioVersion = 10.0.40219.1
Project("{FAE04EC0-301F-11D3-BF4B-00C04F79EFBC}") = "KPL_TP_MOD8_1302213045", "KPL_TP_MOD8_1302213045\KPL_TP_MOD8_1302213045.csproj", "{BF633454-4C5A-4915-A263-CA98C1E94C9D}"
EndProject
Global
	GlobalSection(SolutionConfigurationPlatforms) = preSolution
		Debug|Any CPU = Debug|Any CPU
		Release|Any CPU = Release|Any CPU
	EndGlobalSection
	GlobalSection(ProjectConfigurationPlatforms) = postSolution
		{BF633454-4C5A-4915-A263-CA98C1E94C9D}.Debug|Any CPU.ActiveCfg = Debug|Any CPU
		{BF633454-4C5A-4915-A263-CA98C1E94C9D}.Debug|Any CPU.Build.0 = Debug|Any CPU
		{BF633454-4C5A-4915-A263-CA98C1E94C9D}.Release|Any CPU.ActiveCfg = Release|Any CPU
		{BF633454-4C5A-4915-A263-CA98C1E94C9D}.Release|Any CPU.Build.0 = Release|Any CPU
	EndGlobalSection
	GlobalSection(SolutionProperties) = preSolution
		HideSolutionNode = FALSE
	EndGlobalSection
	GlobalSection(ExtensibilityGlobals) = postSolution
		SolutionGuid = {14526E80-8DA8-4BC8-B64F-CE50ACE972CF}
	EndGlobalSection
EndGlobal
